
Microsoft Visual Studio Solution File, Format Version 12.00
# Visual Studio Version 17
VisualStudioVersion = 17.3.32819.101
MinimumVisualStudioVersion = 10.0.40219.1
Project("{FAE04EC0-301F-11D3-BF4B-00C04F79EFBC}") = "MyFirstWebDemo", "MyFirstWebDemo\MyFirstWebDemo.csproj", "{738CBDA9-E46E-4091-B1DC-FC854613A5DA}"
EndProject
Global
	GlobalSection(SolutionConfigurationPlatforms) = preSolution
		Debug|Any CPU = Debug|Any CPU
		Release|Any CPU = Release|Any CPU
	EndGlobalSection
	GlobalSection(ProjectConfigurationPlatforms) = postSolution
		{738CBDA9-E46E-4091-B1DC-FC854613A5DA}.Debug|Any CPU.ActiveCfg = Debug|Any CPU
		{738CBDA9-E46E-4091-B1DC-FC854613A5DA}.Debug|Any CPU.Build.0 = Debug|Any CPU
		{738CBDA9-E46E-4091-B1DC-FC854613A5DA}.Release|Any CPU.ActiveCfg = Release|Any CPU
		{738CBDA9-E46E-4091-B1DC-FC854613A5DA}.Release|Any CPU.Build.0 = Release|Any CPU
	EndGlobalSection
	GlobalSection(SolutionProperties) = preSolution
		HideSolutionNode = FALSE
	EndGlobalSection
	GlobalSection(ExtensibilityGlobals) = postSolution
		SolutionGuid = {F783EFA3-5339-4D39-8BC8-89AD54951C65}
	EndGlobalSection
EndGlobal
